
Microsoft Visual Studio Solution File, Format Version 12.00
# Visual Studio 15
VisualStudioVersion = 15.0.26730.12
MinimumVisualStudioVersion = 10.0.40219.1
Project("{FAE04EC0-301F-11D3-BF4B-00C04F79EFBC}") = "AbstractSweetShopModel", "AbstractSweetShopModel\AbstractSweetShopModel.csproj", "{C8533D1E-F6FB-4278-8A16-98B74075013F}"
EndProject
Project("{FAE04EC0-301F-11D3-BF4B-00C04F79EFBC}") = "AbstractSweetShopServiceDAL", "AbstractSweetShopServiceDAL\AbstractSweetShopServiceDAL.csproj", "{AA42E484-4BC3-40BA-9930-1B75A46330CF}"
EndProject
Project("{FAE04EC0-301F-11D3-BF4B-00C04F79EFBC}") = "AbstractSweetShopServiceImplementList", "AbstractSweetShopServiceImplementList\AbstractSweetShopServiceImplementList.csproj", "{54E0D82F-3281-4CE7-A299-A795A5D67131}"
EndProject
Project("{FAE04EC0-301F-11D3-BF4B-00C04F79EFBC}") = "AbstractSweetShopView", "AbstractSweetShopView\AbstractSweetShopView.csproj", "{FB494658-E8FF-4987-B26D-7D5634F62BB0}"
EndProject
Project("{FAE04EC0-301F-11D3-BF4B-00C04F79EFBC}") = "AbstractSweetShopWebView", "AbstractSweetShopWebView\AbstractSweetShopWebView.csproj", "{92C56BF4-623F-4B91-89D3-2FB4DE7192A7}"
EndProject
Global
	GlobalSection(SolutionConfigurationPlatforms) = preSolution
		Debug|Any CPU = Debug|Any CPU
		Release|Any CPU = Release|Any CPU
	EndGlobalSection
	GlobalSection(ProjectConfigurationPlatforms) = postSolution
		{C8533D1E-F6FB-4278-8A16-98B74075013F}.Debug|Any CPU.ActiveCfg = Debug|Any CPU
		{C8533D1E-F6FB-4278-8A16-98B74075013F}.Debug|Any CPU.Build.0 = Debug|Any CPU
		{C8533D1E-F6FB-4278-8A16-98B74075013F}.Release|Any CPU.ActiveCfg = Release|Any CPU
		{C8533D1E-F6FB-4278-8A16-98B74075013F}.Release|Any CPU.Build.0 = Release|Any CPU
		{AA42E484-4BC3-40BA-9930-1B75A46330CF}.Debug|Any CPU.ActiveCfg = Debug|Any CPU
		{AA42E484-4BC3-40BA-9930-1B75A46330CF}.Debug|Any CPU.Build.0 = Debug|Any CPU
		{AA42E484-4BC3-40BA-9930-1B75A46330CF}.Release|Any CPU.ActiveCfg = Release|Any CPU
		{AA42E484-4BC3-40BA-9930-1B75A46330CF}.Release|Any CPU.Build.0 = Release|Any CPU
		{54E0D82F-3281-4CE7-A299-A795A5D67131}.Debug|Any CPU.ActiveCfg = Debug|Any CPU
		{54E0D82F-3281-4CE7-A299-A795A5D67131}.Debug|Any CPU.Build.0 = Debug|Any CPU
		{54E0D82F-3281-4CE7-A299-A795A5D67131}.Release|Any CPU.ActiveCfg = Release|Any CPU
		{54E0D82F-3281-4CE7-A299-A795A5D67131}.Release|Any CPU.Build.0 = Release|Any CPU
		{FB494658-E8FF-4987-B26D-7D5634F62BB0}.Debug|Any CPU.ActiveCfg = Debug|Any CPU
		{FB494658-E8FF-4987-B26D-7D5634F62BB0}.Debug|Any CPU.Build.0 = Debug|Any CPU
		{FB494658-E8FF-4987-B26D-7D5634F62BB0}.Release|Any CPU.ActiveCfg = Release|Any CPU
		{FB494658-E8FF-4987-B26D-7D5634F62BB0}.Release|Any CPU.Build.0 = Release|Any CPU
		{92C56BF4-623F-4B91-89D3-2FB4DE7192A7}.Debug|Any CPU.ActiveCfg = Debug|Any CPU
		{92C56BF4-623F-4B91-89D3-2FB4DE7192A7}.Debug|Any CPU.Build.0 = Debug|Any CPU
		{92C56BF4-623F-4B91-89D3-2FB4DE7192A7}.Release|Any CPU.ActiveCfg = Release|Any CPU
		{92C56BF4-623F-4B91-89D3-2FB4DE7192A7}.Release|Any CPU.Build.0 = Release|Any CPU
	EndGlobalSection
	GlobalSection(SolutionProperties) = preSolution
		HideSolutionNode = FALSE
	EndGlobalSection
	GlobalSection(ExtensibilityGlobals) = postSolution
		SolutionGuid = {FF63424E-5629-4362-8381-34818D2049FA}
	EndGlobalSection
EndGlobal
